
Microsoft Visual Studio Solution File, Format Version 12.00
Project("{FAE04EC0-301F-11D3-BF4B-00C04F79EFBC}") = "PlatformshConfigReader", "PlatformshConfigReader\PlatformshConfigReader.csproj", "{AC462F00-171D-4ABD-B92A-EF5F38EDD414}"
EndProject
Project("{FAE04EC0-301F-11D3-BF4B-00C04F79EFBC}") = "PlatformshConfigReaderTest", "PlatformshConfigReaderTest\PlatformshConfigReaderTest.csproj", "{041A2357-3069-4640-BFD5-A9BE31EEEEDE}"
	ProjectSection(ProjectDependencies) = postProject
		{AC462F00-171D-4ABD-B92A-EF5F38EDD414} = {AC462F00-171D-4ABD-B92A-EF5F38EDD414}
	EndProjectSection
EndProject
Global
	GlobalSection(SolutionConfigurationPlatforms) = preSolution
		Debug|Any CPU = Debug|Any CPU
		Release|Any CPU = Release|Any CPU
	EndGlobalSection
	GlobalSection(ProjectConfigurationPlatforms) = postSolution
		{AC462F00-171D-4ABD-B92A-EF5F38EDD414}.Debug|Any CPU.ActiveCfg = Debug|Any CPU
		{AC462F00-171D-4ABD-B92A-EF5F38EDD414}.Debug|Any CPU.Build.0 = Debug|Any CPU
		{AC462F00-171D-4ABD-B92A-EF5F38EDD414}.Release|Any CPU.ActiveCfg = Release|Any CPU
		{AC462F00-171D-4ABD-B92A-EF5F38EDD414}.Release|Any CPU.Build.0 = Release|Any CPU
		{041A2357-3069-4640-BFD5-A9BE31EEEEDE}.Debug|Any CPU.ActiveCfg = Debug|Any CPU
		{041A2357-3069-4640-BFD5-A9BE31EEEEDE}.Debug|Any CPU.Build.0 = Debug|Any CPU
		{041A2357-3069-4640-BFD5-A9BE31EEEEDE}.Release|Any CPU.ActiveCfg = Release|Any CPU
		{041A2357-3069-4640-BFD5-A9BE31EEEEDE}.Release|Any CPU.Build.0 = Release|Any CPU
	EndGlobalSection
EndGlobal
